// !$*UTF8*$!
{
	archiveVersion = 1;
	classes = {
	};
	objectVersion = 46;
	objects = {

/* Begin PBXBuildFile section */
		8A3DAC271A84BA2700470743 /* AppDelegate.swift in Sources */ = {isa = PBXBuildFile; fileRef = 8A3DAC261A84BA2700470743 /* AppDelegate.swift */; };
		8A3DAC291A84BA2700470743 /* ViewController.swift in Sources */ = {isa = PBXBuildFile; fileRef = 8A3DAC281A84BA2700470743 /* ViewController.swift */; };
		8A3DAC2C1A84BA2700470743 /* Main.storyboard in Resources */ = {isa = PBXBuildFile; fileRef = 8A3DAC2A1A84BA2700470743 /* Main.storyboard */; };
		8A3DAC2E1A84BA2700470743 /* Images.xcassets in Resources */ = {isa = PBXBuildFile; fileRef = 8A3DAC2D1A84BA2700470743 /* Images.xcassets */; };
		8A3DAC311A84BA2700470743 /* LaunchScreen.xib in Resources */ = {isa = PBXBuildFile; fileRef = 8A3DAC2F1A84BA2700470743 /* LaunchScreen.xib */; };
		8A3DAC3D1A84BA2700470743 /* SRAudioKitDemoForiOSTests.swift in Sources */ = {isa = PBXBuildFile; fileRef = 8A3DAC3C1A84BA2700470743 /* SRAudioKitDemoForiOSTests.swift */; };
/* End PBXBuildFile section */

/* Begin PBXContainerItemProxy section */
		8A3DAC371A84BA2700470743 /* PBXContainerItemProxy */ = {
			isa = PBXContainerItemProxy;
			containerPortal = 8A3DAC191A84BA2700470743 /* Project object */;
			proxyType = 1;
			remoteGlobalIDString = 8A3DAC201A84BA2700470743;
			remoteInfo = SRAudioKitDemoForiOS;
		};
/* End PBXContainerItemProxy section */

/* Begin PBXFileReference section */
		8A3DAC211A84BA2700470743 /* SRAudioKitDemoForiOS.app */ = {isa = PBXFileReference; explicitFileType = wrapper.application; includeInIndex = 0; path = SRAudioKitDemoForiOS.app; sourceTree = BUILT_PRODUCTS_DIR; };
		8A3DAC251A84BA2700470743 /* Info.plist */ = {isa = PBXFileReference; lastKnownFileType = text.plist.xml; path = Info.plist; sourceTree = "<group>"; };
		8A3DAC261A84BA2700470743 /* AppDelegate.swift */ = {isa = PBXFileReference; lastKnownFileType = sourcecode.swift; path = AppDelegate.swift; sourceTree = "<group>"; };
		8A3DAC281A84BA2700470743 /* ViewController.swift */ = {isa = PBXFileReference; lastKnownFileType = sourcecode.swift; path = ViewController.swift; sourceTree = "<group>"; };
		8A3DAC2B1A84BA2700470743 /* Base */ = {isa = PBXFileReference; lastKnownFileType = file.storyboard; name = Base; path = Base.lproj/Main.storyboard; sourceTree = "<group>"; };
		8A3DAC2D1A84BA2700470743 /* Images.xcassets */ = {isa = PBXFileReference; lastKnownFileType = folder.assetcatalog; path = Images.xcassets; sourceTree = "<group>"; };
		8A3DAC301A84BA2700470743 /* Base */ = {isa = PBXFileReference; lastKnownFileType = file.xib; name = Base; path = Base.lproj/LaunchScreen.xib; sourceTree = "<group>"; };
		8A3DAC361A84BA2700470743 /* SRAudioKitDemoForiOSTests.xctest */ = {isa = PBXFileReference; explicitFileType = wrapper.cfbundle; includeInIndex = 0; path = SRAudioKitDemoForiOSTests.xctest; sourceTree = BUILT_PRODUCTS_DIR; };
		8A3DAC3B1A84BA2700470743 /* Info.plist */ = {isa = PBXFileReference; lastKnownFileType = text.plist.xml; path = Info.plist; sourceTree = "<group>"; };
		8A3DAC3C1A84BA2700470743 /* SRAudioKitDemoForiOSTests.swift */ = {isa = PBXFileReference; lastKnownFileType = sourcecode.swift; path = SRAudioKitDemoForiOSTests.swift; sourceTree = "<group>"; };
/* End PBXFileReference section */

/* Begin PBXFrameworksBuildPhase section */
		8A3DAC1E1A84BA2700470743 /* Frameworks */ = {
			isa = PBXFrameworksBuildPhase;
			buildActionMask = 2147483647;
			files = (
			);
			runOnlyForDeploymentPostprocessing = 0;
		};
		8A3DAC331A84BA2700470743 /* Frameworks */ = {
			isa = PBXFrameworksBuildPhase;
			buildActionMask = 2147483647;
			files = (
			);
			runOnlyForDeploymentPostprocessing = 0;
		};
/* End PBXFrameworksBuildPhase section */

/* Begin PBXGroup section */
		8A3DAC181A84BA2700470743 = {
			isa = PBXGroup;
			children = (
				8A3DAC231A84BA2700470743 /* SRAudioKitDemoForiOS */,
				8A3DAC391A84BA2700470743 /* SRAudioKitDemoForiOSTests */,
				8A3DAC221A84BA2700470743 /* Products */,
			);
			sourceTree = "<group>";
		};
		8A3DAC221A84BA2700470743 /* Products */ = {
			isa = PBXGroup;
			children = (
				8A3DAC211A84BA2700470743 /* SRAudioKitDemoForiOS.app */,
				8A3DAC361A84BA2700470743 /* SRAudioKitDemoForiOSTests.xctest */,
			);
			name = Products;
			sourceTree = "<group>";
		};
		8A3DAC231A84BA2700470743 /* SRAudioKitDemoForiOS */ = {
			isa = PBXGroup;
			children = (
				8A3DAC261A84BA2700470743 /* AppDelegate.swift */,
				8A3DAC281A84BA2700470743 /* ViewController.swift */,
				8A3DAC2A1A84BA2700470743 /* Main.storyboard */,
				8A3DAC2D1A84BA2700470743 /* Images.xcassets */,
				8A3DAC2F1A84BA2700470743 /* LaunchScreen.xib */,
				8A3DAC241A84BA2700470743 /* Supporting Files */,
			);
			path = SRAudioKitDemoForiOS;
			sourceTree = "<group>";
		};
		8A3DAC241A84BA2700470743 /* Supporting Files */ = {
			isa = PBXGroup;
			children = (
				8A3DAC251A84BA2700470743 /* Info.plist */,
			);
			name = "Supporting Files";
			sourceTree = "<group>";
		};
		8A3DAC391A84BA2700470743 /* SRAudioKitDemoForiOSTests */ = {
			isa = PBXGroup;
			children = (
				8A3DAC3C1A84BA2700470743 /* SRAudioKitDemoForiOSTests.swift */,
				8A3DAC3A1A84BA2700470743 /* Supporting Files */,
			);
			path = SRAudioKitDemoForiOSTests;
			sourceTree = "<group>";
		};
		8A3DAC3A1A84BA2700470743 /* Supporting Files */ = {
			isa = PBXGroup;
			children = (
				8A3DAC3B1A84BA2700470743 /* Info.plist */,
			);
			name = "Supporting Files";
			sourceTree = "<group>";
		};
/* End PBXGroup section */

/* Begin PBXNativeTarget section */
		8A3DAC201A84BA2700470743 /* SRAudioKitDemoForiOS */ = {
			isa = PBXNativeTarget;
			buildConfigurationList = 8A3DAC401A84BA2700470743 /* Build configuration list for PBXNativeTarget "SRAudioKitDemoForiOS" */;
			buildPhases = (
				8A3DAC1D1A84BA2700470743 /* Sources */,
				8A3DAC1E1A84BA2700470743 /* Frameworks */,
				8A3DAC1F1A84BA2700470743 /* Resources */,
			);
			buildRules = (
			);
			dependencies = (
			);
			name = SRAudioKitDemoForiOS;
			productName = SRAudioKitDemoForiOS;
			productReference = 8A3DAC211A84BA2700470743 /* SRAudioKitDemoForiOS.app */;
			productType = "com.apple.product-type.application";
		};
		8A3DAC351A84BA2700470743 /* SRAudioKitDemoForiOSTests */ = {
			isa = PBXNativeTarget;
			buildConfigurationList = 8A3DAC431A84BA2700470743 /* Build configuration list for PBXNativeTarget "SRAudioKitDemoForiOSTests" */;
			buildPhases = (
				8A3DAC321A84BA2700470743 /* Sources */,
				8A3DAC331A84BA2700470743 /* Frameworks */,
				8A3DAC341A84BA2700470743 /* Resources */,
			);
			buildRules = (
			);
			dependencies = (
				8A3DAC381A84BA2700470743 /* PBXTargetDependency */,
			);
			name = SRAudioKitDemoForiOSTests;
			productName = SRAudioKitDemoForiOSTests;
			productReference = 8A3DAC361A84BA2700470743 /* SRAudioKitDemoForiOSTests.xctest */;
			productType = "com.apple.product-type.bundle.unit-test";
		};
/* End PBXNativeTarget section */

/* Begin PBXProject section */
		8A3DAC191A84BA2700470743 /* Project object */ = {
			isa = PBXProject;
			attributes = {
				LastUpgradeCheck = 0610;
				ORGANIZATIONNAME = Seorenn;
				TargetAttributes = {
					8A3DAC201A84BA2700470743 = {
						CreatedOnToolsVersion = 6.1.1;
					};
					8A3DAC351A84BA2700470743 = {
						CreatedOnToolsVersion = 6.1.1;
						TestTargetID = 8A3DAC201A84BA2700470743;
					};
				};
			};
			buildConfigurationList = 8A3DAC1C1A84BA2700470743 /* Build configuration list for PBXProject "SRAudioKitDemoForiOS" */;
			compatibilityVersion = "Xcode 3.2";
			developmentRegion = English;
			hasScannedForEncodings = 0;
			knownRegions = (
				en,
				Base,
			);
			mainGroup = 8A3DAC181A84BA2700470743;
			productRefGroup = 8A3DAC221A84BA2700470743 /* Products */;
			projectDirPath = "";
			projectRoot = "";
			targets = (
				8A3DAC201A84BA2700470743 /* SRAudioKitDemoForiOS */,
				8A3DAC351A84BA2700470743 /* SRAudioKitDemoForiOSTests */,
			);
		};
/* End PBXProject section */

/* Begin PBXResourcesBuildPhase section */
		8A3DAC1F1A84BA2700470743 /* Resources */ = {
			isa = PBXResourcesBuildPhase;
			buildActionMask = 2147483647;
			files = (
				8A3DAC2C1A84BA2700470743 /* Main.storyboard in Resources */,
				8A3DAC311A84BA2700470743 /* LaunchScreen.xib in Resources */,
				8A3DAC2E1A84BA2700470743 /* Images.xcassets in Resources */,
			);
			runOnlyForDeploymentPostprocessing = 0;
		};
		8A3DAC341A84BA2700470743 /* Resources */ = {
			isa = PBXResourcesBuildPhase;
			buildActionMask = 2147483647;
			files = (
			);
			runOnlyForDeploymentPostprocessing = 0;
		};
/* End PBXResourcesBuildPhase section */

/* Begin PBXSourcesBuildPhase section */
		8A3DAC1D1A84BA2700470743 /* Sources */ = {
			isa = PBXSourcesBuildPhase;
			buildActionMask = 2147483647;
			files = (
				8A3DAC291A84BA2700470743 /* ViewController.swift in Sources */,
				8A3DAC271A84BA2700470743 /* AppDelegate.swift in Sources */,
			);
			runOnlyForDeploymentPostprocessing = 0;
		};
		8A3DAC321A84BA2700470743 /* Sources */ = {
			isa = PBXSourcesBuildPhase;
			buildActionMask = 2147483647;
			files = (
				8A3DAC3D1A84BA2700470743 /* SRAudioKitDemoForiOSTests.swift in Sources */,
			);
			runOnlyForDeploymentPostprocessing = 0;
		};
/* End PBXSourcesBuildPhase section */

/* Begin PBXTargetDependency section */
		8A3DAC381A84BA2700470743 /* PBXTargetDependency */ = {
			isa = PBXTargetDependency;
			target = 8A3DAC201A84BA2700470743 /* SRAudioKitDemoForiOS */;
			targetProxy = 8A3DAC371A84BA2700470743 /* PBXContainerItemProxy */;
		};
/* End PBXTargetDependency section */

/* Begin PBXVariantGroup section */
		8A3DAC2A1A84BA2700470743 /* Main.storyboard */ = {
			isa = PBXVariantGroup;
			children = (
				8A3DAC2B1A84BA2700470743 /* Base */,
			);
			name = Main.storyboard;
			sourceTree = "<group>";
		};
		8A3DAC2F1A84BA2700470743 /* LaunchScreen.xib */ = {
			isa = PBXVariantGroup;
			children = (
				8A3DAC301A84BA2700470743 /* Base */,
			);
			name = LaunchScreen.xib;
			sourceTree = "<group>";
		};
/* End PBXVariantGroup section */

/* Begin XCBuildConfiguration section */
		8A3DAC3E1A84BA2700470743 /* Debug */ = {
			isa = XCBuildConfiguration;
			buildSettings = {
				ALWAYS_SEARCH_USER_PATHS = NO;
				CLANG_CXX_LANGUAGE_STANDARD = "gnu++0x";
				CLANG_CXX_LIBRARY = "libc++";
				CLANG_ENABLE_MODULES = YES;
				CLANG_ENABLE_OBJC_ARC = YES;
				CLANG_WARN_BOOL_CONVERSION = YES;
				CLANG_WARN_CONSTANT_CONVERSION = YES;
				CLANG_WARN_DIRECT_OBJC_ISA_USAGE = YES_ERROR;
				CLANG_WARN_EMPTY_BODY = YES;
				CLANG_WARN_ENUM_CONVERSION = YES;
				CLANG_WARN_INT_CONVERSION = YES;
				CLANG_WARN_OBJC_ROOT_CLASS = YES_ERROR;
				CLANG_WARN_UNREACHABLE_CODE = YES;
				CLANG_WARN__DUPLICATE_METHOD_MATCH = YES;
				"CODE_SIGN_IDENTITY[sdk=iphoneos*]" = "iPhone Developer";
				COPY_PHASE_STRIP = NO;
				ENABLE_STRICT_OBJC_MSGSEND = YES;
				GCC_C_LANGUAGE_STANDARD = gnu99;
				GCC_DYNAMIC_NO_PIC = NO;
				GCC_OPTIMIZATION_LEVEL = 0;
				GCC_PREPROCESSOR_DEFINITIONS = (
					"DEBUG=1",
					"$(inherited)",
				);
				GCC_SYMBOLS_PRIVATE_EXTERN = NO;
				GCC_WARN_64_TO_32_BIT_CONVERSION = YES;
				GCC_WARN_ABOUT_RETURN_TYPE = YES_ERROR;
				GCC_WARN_UNDECLARED_SELECTOR = YES;
				GCC_WARN_UNINITIALIZED_AUTOS = YES_AGGRESSIVE;
				GCC_WARN_UNUSED_FUNCTION = YES;
				GCC_WARN_UNUSED_VARIABLE = YES;
				IPHONEOS_DEPLOYMENT_TARGET = 8.1;
				MTL_ENABLE_DEBUG_INFO = YES;
				ONLY_ACTIVE_ARCH = YES;
				SDKROOT = iphoneos;
				SWIFT_OPTIMIZATION_LEVEL = "-Onone";
			};
			name = Debug;
		};
		8A3DAC3F1A84BA2700470743 /* Release */ = {
			isa = XCBuildConfiguration;
			buildSettings = {
				ALWAYS_SEARCH_USER_PATHS = NO;
				CLANG_CXX_LANGUAGE_STANDARD = "gnu++0x";
				CLANG_CXX_LIBRARY = "libc++";
				CLANG_ENABLE_MODULES = YES;
				CLANG_ENABLE_OBJC_ARC = YES;
				CLANG_WARN_BOOL_CONVERSION = YES;
				CLANG_WARN_CONSTANT_CONVERSION = YES;
				CLANG_WARN_DIRECT_OBJC_ISA_USAGE = YES_ERROR;
				CLANG_WARN_EMPTY_BODY = YES;
				CLANG_WARN_ENUM_CONVERSION = YES;
				CLANG_WARN_INT_CONVERSION = YES;
				CLANG_WARN_OBJC_ROOT_CLASS = YES_ERROR;
				CLANG_WARN_UNREACHABLE_CODE = YES;
				CLANG_WARN__DUPLICATE_METHOD_MATCH = YES;
				"CODE_SIGN_IDENTITY[sdk=iphoneos*]" = "iPhone Developer";
				COPY_PHASE_STRIP = YES;
				ENABLE_NS_ASSERTIONS = NO;
				ENABLE_STRICT_OBJC_MSGSEND = YES;
				GCC_C_LANGUAGE_STANDARD = gnu99;
				GCC_WARN_64_TO_32_BIT_CONVERSION = YES;
				GCC_WARN_ABOUT_RETURN_TYPE = YES_ERROR;
				GCC_WARN_UNDECLARED_SELECTOR = YES;
				GCC_WARN_UNINITIALIZED_AUTOS = YES_AGGRESSIVE;
				GCC_WARN_UNUSED_FUNCTION = YES;
				GCC_WARN_UNUSED_VARIABLE = YES;
				IPHONEOS_DEPLOYMENT_TARGET = 8.1;
				MTL_ENABLE_DEBUG_INFO = NO;
				SDKROOT = iphoneos;
				VALIDATE_PRODUCT = YES;
			};
			name = Release;
		};
		8A3DAC411A84BA2700470743 /* Debug */ = {
			isa = XCBuildConfiguration;
			buildSettings = {
				ASSETCATALOG_COMPILER_APPICON_NAME = AppIcon;
				INFOPLIST_FILE = SRAudioKitDemoForiOS/Info.plist;
				LD_RUNPATH_SEARCH_PATHS = "$(inherited) @executable_path/Frameworks";
				PRODUCT_NAME = "$(TARGET_NAME)";
			};
			name = Debug;
		};
		8A3DAC421A84BA2700470743 /* Release */ = {
			isa = XCBuildConfiguration;
			buildSettings = {
				ASSETCATALOG_COMPILER_APPICON_NAME = AppIcon;
				INFOPLIST_FILE = SRAudioKitDemoForiOS/Info.plist;
				LD_RUNPATH_SEARCH_PATHS = "$(inherited) @executable_path/Frameworks";
				PRODUCT_NAME = "$(TARGET_NAME)";
			};
			name = Release;
		};
		8A3DAC441A84BA2700470743 /* Debug */ = {
			isa = XCBuildConfiguration;
			buildSettings = {
				BUNDLE_LOADER = "$(TEST_HOST)";
				FRAMEWORK_SEARCH_PATHS = (
					"$(SDKROOT)/Developer/Library/Frameworks",
					"$(inherited)",
				);
				GCC_PREPROCESSOR_DEFINITIONS = (
					"DEBUG=1",
					"$(inherited)",
				);
				INFOPLIST_FILE = SRAudioKitDemoForiOSTests/Info.plist;
				LD_RUNPATH_SEARCH_PATHS = "$(inherited) @executable_path/Frameworks @loader_path/Frameworks";
				PRODUCT_NAME = "$(TARGET_NAME)";
				TEST_HOST = "$(BUILT_PRODUCTS_DIR)/SRAudioKitDemoForiOS.app/SRAudioKitDemoForiOS";
			};
			name = Debug;
		};
		8A3DAC451A84BA2700470743 /* Release */ = {
			isa = XCBuildConfiguration;
			buildSettings = {
				BUNDLE_LOADER = "$(TEST_HOST)";
				FRAMEWORK_SEARCH_PATHS = (
					"$(SDKROOT)/Developer/Library/Frameworks",
					"$(inherited)",
				);
				INFOPLIST_FILE = SRAudioKitDemoForiOSTests/Info.plist;
				LD_RUNPATH_SEARCH_PATHS = "$(inherited) @executable_path/Frameworks @loader_path/Frameworks";
				PRODUCT_NAME = "$(TARGET_NAME)";
				TEST_HOST = "$(BUILT_PRODUCTS_DIR)/SRAudioKitDemoForiOS.app/SRAudioKitDemoForiOS";
			};
			name = Release;
		};
/* End XCBuildConfiguration section */

/* Begin XCConfigurationList section */
		8A3DAC1C1A84BA2700470743 /* Build configuration list for PBXProject "SRAudioKitDemoForiOS" */ = {
			isa = XCConfigurationList;
			buildConfigurations = (
				8A3DAC3E1A84BA2700470743 /* Debug */,
				8A3DAC3F1A84BA2700470743 /* Release */,
			);
			defaultConfigurationIsVisible = 0;
			defaultConfigurationName = Release;
		};
		8A3DAC401A84BA2700470743 /* Build configuration list for PBXNativeTarget "SRAudioKitDemoForiOS" */ = {
			isa = XCConfigurationList;
			buildConfigurations = (
				8A3DAC411A84BA2700470743 /* Debug */,
				8A3DAC421A84BA2700470743 /* Release */,
			);
			defaultConfigurationIsVisible = 0;
		};
		8A3DAC431A84BA2700470743 /* Build configuration list for PBXNativeTarget "SRAudioKitDemoForiOSTests" */ = {
			isa = XCConfigurationList;
			buildConfigurations = (
				8A3DAC441A84BA2700470743 /* Debug */,
				8A3DAC451A84BA2700470743 /* Release */,
			);
			defaultConfigurationIsVisible = 0;
		};
/* End XCConfigurationList section */
	};
	rootObject = 8A3DAC191A84BA2700470743 /* Project object */;
}
