// !$*UTF8*$!
{
	archiveVersion = 1;
	classes = {
	};
	objectVersion = 46;
	objects = {

/* Begin PBXBuildFile section */
		8A3DABC71A84B96100470743 /* AppDelegate.swift in Sources */ = {isa = PBXBuildFile; fileRef = 8A3DABC61A84B96100470743 /* AppDelegate.swift */; };
		8A3DABC91A84B96100470743 /* Images.xcassets in Resources */ = {isa = PBXBuildFile; fileRef = 8A3DABC81A84B96100470743 /* Images.xcassets */; };
		8A3DABCC1A84B96100470743 /* MainMenu.xib in Resources */ = {isa = PBXBuildFile; fileRef = 8A3DABCA1A84B96100470743 /* MainMenu.xib */; };
		8A3DABD81A84B96100470743 /* SRAudioKitDemoForOSXTests.swift in Sources */ = {isa = PBXBuildFile; fileRef = 8A3DABD71A84B96100470743 /* SRAudioKitDemoForOSXTests.swift */; };
		8A4E8C271A8899770024F532 /* SRAudioQueue.m in Sources */ = {isa = PBXBuildFile; fileRef = 8A4E8C261A8899770024F532 /* SRAudioQueue.m */; };
		8A4E8C2A1A889A5B0024F532 /* SRAudioDevice.m in Sources */ = {isa = PBXBuildFile; fileRef = 8A4E8C291A889A5B0024F532 /* SRAudioDevice.m */; };
		8A4E8C2D1A88AC590024F532 /* SRAudioDeviceManager.m in Sources */ = {isa = PBXBuildFile; fileRef = 8A4E8C2C1A88AC590024F532 /* SRAudioDeviceManager.m */; };
/* End PBXBuildFile section */

/* Begin PBXContainerItemProxy section */
		8A3DABD21A84B96100470743 /* PBXContainerItemProxy */ = {
			isa = PBXContainerItemProxy;
			containerPortal = 8A3DABB91A84B96100470743 /* Project object */;
			proxyType = 1;
			remoteGlobalIDString = 8A3DABC01A84B96100470743;
			remoteInfo = SRAudioKitDemoForOSX;
		};
/* End PBXContainerItemProxy section */

/* Begin PBXFileReference section */
		8A3DABC11A84B96100470743 /* SRAudioKitDemoForOSX.app */ = {isa = PBXFileReference; explicitFileType = wrapper.application; includeInIndex = 0; path = SRAudioKitDemoForOSX.app; sourceTree = BUILT_PRODUCTS_DIR; };
		8A3DABC51A84B96100470743 /* Info.plist */ = {isa = PBXFileReference; lastKnownFileType = text.plist.xml; path = Info.plist; sourceTree = "<group>"; };
		8A3DABC61A84B96100470743 /* AppDelegate.swift */ = {isa = PBXFileReference; lastKnownFileType = sourcecode.swift; path = AppDelegate.swift; sourceTree = "<group>"; };
		8A3DABC81A84B96100470743 /* Images.xcassets */ = {isa = PBXFileReference; lastKnownFileType = folder.assetcatalog; path = Images.xcassets; sourceTree = "<group>"; };
		8A3DABCB1A84B96100470743 /* Base */ = {isa = PBXFileReference; lastKnownFileType = file.xib; name = Base; path = Base.lproj/MainMenu.xib; sourceTree = "<group>"; };
		8A3DABD11A84B96100470743 /* SRAudioKitDemoForOSXTests.xctest */ = {isa = PBXFileReference; explicitFileType = wrapper.cfbundle; includeInIndex = 0; path = SRAudioKitDemoForOSXTests.xctest; sourceTree = BUILT_PRODUCTS_DIR; };
		8A3DABD61A84B96100470743 /* Info.plist */ = {isa = PBXFileReference; lastKnownFileType = text.plist.xml; path = Info.plist; sourceTree = "<group>"; };
		8A3DABD71A84B96100470743 /* SRAudioKitDemoForOSXTests.swift */ = {isa = PBXFileReference; lastKnownFileType = sourcecode.swift; path = SRAudioKitDemoForOSXTests.swift; sourceTree = "<group>"; };
		8A4E8C231A8899270024F532 /* SRAudioKit.h */ = {isa = PBXFileReference; lastKnownFileType = sourcecode.c.h; name = SRAudioKit.h; path = ../SRAudioKit/SRAudioKit.h; sourceTree = "<group>"; };
		8A4E8C241A8899750024F532 /* SRAudioKitDemoForOSX-Bridging-Header.h */ = {isa = PBXFileReference; lastKnownFileType = sourcecode.c.h; path = "SRAudioKitDemoForOSX-Bridging-Header.h"; sourceTree = SOURCE_ROOT; };
		8A4E8C251A8899770024F532 /* SRAudioQueue.h */ = {isa = PBXFileReference; fileEncoding = 4; lastKnownFileType = sourcecode.c.h; name = SRAudioQueue.h; path = ../SRAudioKit/SRAudioQueue.h; sourceTree = "<group>"; };
		8A4E8C261A8899770024F532 /* SRAudioQueue.m */ = {isa = PBXFileReference; fileEncoding = 4; lastKnownFileType = sourcecode.c.objc; name = SRAudioQueue.m; path = ../SRAudioKit/SRAudioQueue.m; sourceTree = "<group>"; };
		8A4E8C281A889A5B0024F532 /* SRAudioDevice.h */ = {isa = PBXFileReference; fileEncoding = 4; lastKnownFileType = sourcecode.c.h; name = SRAudioDevice.h; path = ../SRAudioKit/SRAudioDevice.h; sourceTree = "<group>"; };
		8A4E8C291A889A5B0024F532 /* SRAudioDevice.m */ = {isa = PBXFileReference; fileEncoding = 4; lastKnownFileType = sourcecode.c.objc; name = SRAudioDevice.m; path = ../SRAudioKit/SRAudioDevice.m; sourceTree = "<group>"; };
		8A4E8C2B1A88AC590024F532 /* SRAudioDeviceManager.h */ = {isa = PBXFileReference; fileEncoding = 4; lastKnownFileType = sourcecode.c.h; name = SRAudioDeviceManager.h; path = ../SRAudioKit/SRAudioDeviceManager.h; sourceTree = "<group>"; };
		8A4E8C2C1A88AC590024F532 /* SRAudioDeviceManager.m */ = {isa = PBXFileReference; fileEncoding = 4; lastKnownFileType = sourcecode.c.objc; name = SRAudioDeviceManager.m; path = ../SRAudioKit/SRAudioDeviceManager.m; sourceTree = "<group>"; };
/* End PBXFileReference section */

/* Begin PBXFrameworksBuildPhase section */
		8A3DABBE1A84B96100470743 /* Frameworks */ = {
			isa = PBXFrameworksBuildPhase;
			buildActionMask = 2147483647;
			files = (
			);
			runOnlyForDeploymentPostprocessing = 0;
		};
		8A3DABCE1A84B96100470743 /* Frameworks */ = {
			isa = PBXFrameworksBuildPhase;
			buildActionMask = 2147483647;
			files = (
			);
			runOnlyForDeploymentPostprocessing = 0;
		};
/* End PBXFrameworksBuildPhase section */

/* Begin PBXGroup section */
		8A3DABB81A84B96100470743 = {
			isa = PBXGroup;
			children = (
				8A4E8C221A8898F30024F532 /* SRAudioKit */,
				8A3DABC31A84B96100470743 /* SRAudioKitDemoForOSX */,
				8A3DABD41A84B96100470743 /* SRAudioKitDemoForOSXTests */,
				8A3DABC21A84B96100470743 /* Products */,
			);
			sourceTree = "<group>";
		};
		8A3DABC21A84B96100470743 /* Products */ = {
			isa = PBXGroup;
			children = (
				8A3DABC11A84B96100470743 /* SRAudioKitDemoForOSX.app */,
				8A3DABD11A84B96100470743 /* SRAudioKitDemoForOSXTests.xctest */,
			);
			name = Products;
			sourceTree = "<group>";
		};
		8A3DABC31A84B96100470743 /* SRAudioKitDemoForOSX */ = {
			isa = PBXGroup;
			children = (
				8A4E8C241A8899750024F532 /* SRAudioKitDemoForOSX-Bridging-Header.h */,
				8A3DABC61A84B96100470743 /* AppDelegate.swift */,
				8A3DABC81A84B96100470743 /* Images.xcassets */,
				8A3DABCA1A84B96100470743 /* MainMenu.xib */,
				8A3DABC41A84B96100470743 /* Supporting Files */,
			);
			path = SRAudioKitDemoForOSX;
			sourceTree = "<group>";
		};
		8A3DABC41A84B96100470743 /* Supporting Files */ = {
			isa = PBXGroup;
			children = (
				8A3DABC51A84B96100470743 /* Info.plist */,
			);
			name = "Supporting Files";
			sourceTree = "<group>";
		};
		8A3DABD41A84B96100470743 /* SRAudioKitDemoForOSXTests */ = {
			isa = PBXGroup;
			children = (
				8A3DABD71A84B96100470743 /* SRAudioKitDemoForOSXTests.swift */,
				8A3DABD51A84B96100470743 /* Supporting Files */,
			);
			path = SRAudioKitDemoForOSXTests;
			sourceTree = "<group>";
		};
		8A3DABD51A84B96100470743 /* Supporting Files */ = {
			isa = PBXGroup;
			children = (
				8A3DABD61A84B96100470743 /* Info.plist */,
			);
			name = "Supporting Files";
			sourceTree = "<group>";
		};
		8A4E8C221A8898F30024F532 /* SRAudioKit */ = {
			isa = PBXGroup;
			children = (
				8A4E8C231A8899270024F532 /* SRAudioKit.h */,
				8A4E8C251A8899770024F532 /* SRAudioQueue.h */,
				8A4E8C261A8899770024F532 /* SRAudioQueue.m */,
				8A4E8C281A889A5B0024F532 /* SRAudioDevice.h */,
				8A4E8C291A889A5B0024F532 /* SRAudioDevice.m */,
				8A4E8C2B1A88AC590024F532 /* SRAudioDeviceManager.h */,
				8A4E8C2C1A88AC590024F532 /* SRAudioDeviceManager.m */,
			);
			name = SRAudioKit;
			sourceTree = "<group>";
		};
/* End PBXGroup section */

/* Begin PBXNativeTarget section */
		8A3DABC01A84B96100470743 /* SRAudioKitDemoForOSX */ = {
			isa = PBXNativeTarget;
			buildConfigurationList = 8A3DABDB1A84B96100470743 /* Build configuration list for PBXNativeTarget "SRAudioKitDemoForOSX" */;
			buildPhases = (
				8A3DABBD1A84B96100470743 /* Sources */,
				8A3DABBE1A84B96100470743 /* Frameworks */,
				8A3DABBF1A84B96100470743 /* Resources */,
			);
			buildRules = (
			);
			dependencies = (
			);
			name = SRAudioKitDemoForOSX;
			productName = SRAudioKitDemoForOSX;
			productReference = 8A3DABC11A84B96100470743 /* SRAudioKitDemoForOSX.app */;
			productType = "com.apple.product-type.application";
		};
		8A3DABD01A84B96100470743 /* SRAudioKitDemoForOSXTests */ = {
			isa = PBXNativeTarget;
			buildConfigurationList = 8A3DABDE1A84B96100470743 /* Build configuration list for PBXNativeTarget "SRAudioKitDemoForOSXTests" */;
			buildPhases = (
				8A3DABCD1A84B96100470743 /* Sources */,
				8A3DABCE1A84B96100470743 /* Frameworks */,
				8A3DABCF1A84B96100470743 /* Resources */,
			);
			buildRules = (
			);
			dependencies = (
				8A3DABD31A84B96100470743 /* PBXTargetDependency */,
			);
			name = SRAudioKitDemoForOSXTests;
			productName = SRAudioKitDemoForOSXTests;
			productReference = 8A3DABD11A84B96100470743 /* SRAudioKitDemoForOSXTests.xctest */;
			productType = "com.apple.product-type.bundle.unit-test";
		};
/* End PBXNativeTarget section */

/* Begin PBXProject section */
		8A3DABB91A84B96100470743 /* Project object */ = {
			isa = PBXProject;
			attributes = {
				LastUpgradeCheck = 0610;
				ORGANIZATIONNAME = Seorenn;
				TargetAttributes = {
					8A3DABC01A84B96100470743 = {
						CreatedOnToolsVersion = 6.1.1;
					};
					8A3DABD01A84B96100470743 = {
						CreatedOnToolsVersion = 6.1.1;
						TestTargetID = 8A3DABC01A84B96100470743;
					};
				};
			};
			buildConfigurationList = 8A3DABBC1A84B96100470743 /* Build configuration list for PBXProject "SRAudioKitDemoForOSX" */;
			compatibilityVersion = "Xcode 3.2";
			developmentRegion = English;
			hasScannedForEncodings = 0;
			knownRegions = (
				en,
				Base,
			);
			mainGroup = 8A3DABB81A84B96100470743;
			productRefGroup = 8A3DABC21A84B96100470743 /* Products */;
			projectDirPath = "";
			projectRoot = "";
			targets = (
				8A3DABC01A84B96100470743 /* SRAudioKitDemoForOSX */,
				8A3DABD01A84B96100470743 /* SRAudioKitDemoForOSXTests */,
			);
		};
/* End PBXProject section */

/* Begin PBXResourcesBuildPhase section */
		8A3DABBF1A84B96100470743 /* Resources */ = {
			isa = PBXResourcesBuildPhase;
			buildActionMask = 2147483647;
			files = (
				8A3DABC91A84B96100470743 /* Images.xcassets in Resources */,
				8A3DABCC1A84B96100470743 /* MainMenu.xib in Resources */,
			);
			runOnlyForDeploymentPostprocessing = 0;
		};
		8A3DABCF1A84B96100470743 /* Resources */ = {
			isa = PBXResourcesBuildPhase;
			buildActionMask = 2147483647;
			files = (
			);
			runOnlyForDeploymentPostprocessing = 0;
		};
/* End PBXResourcesBuildPhase section */

/* Begin PBXSourcesBuildPhase section */
		8A3DABBD1A84B96100470743 /* Sources */ = {
			isa = PBXSourcesBuildPhase;
			buildActionMask = 2147483647;
			files = (
				8A3DABC71A84B96100470743 /* AppDelegate.swift in Sources */,
				8A4E8C2A1A889A5B0024F532 /* SRAudioDevice.m in Sources */,
				8A4E8C271A8899770024F532 /* SRAudioQueue.m in Sources */,
				8A4E8C2D1A88AC590024F532 /* SRAudioDeviceManager.m in Sources */,
			);
			runOnlyForDeploymentPostprocessing = 0;
		};
		8A3DABCD1A84B96100470743 /* Sources */ = {
			isa = PBXSourcesBuildPhase;
			buildActionMask = 2147483647;
			files = (
				8A3DABD81A84B96100470743 /* SRAudioKitDemoForOSXTests.swift in Sources */,
			);
			runOnlyForDeploymentPostprocessing = 0;
		};
/* End PBXSourcesBuildPhase section */

/* Begin PBXTargetDependency section */
		8A3DABD31A84B96100470743 /* PBXTargetDependency */ = {
			isa = PBXTargetDependency;
			target = 8A3DABC01A84B96100470743 /* SRAudioKitDemoForOSX */;
			targetProxy = 8A3DABD21A84B96100470743 /* PBXContainerItemProxy */;
		};
/* End PBXTargetDependency section */

/* Begin PBXVariantGroup section */
		8A3DABCA1A84B96100470743 /* MainMenu.xib */ = {
			isa = PBXVariantGroup;
			children = (
				8A3DABCB1A84B96100470743 /* Base */,
			);
			name = MainMenu.xib;
			sourceTree = "<group>";
		};
/* End PBXVariantGroup section */

/* Begin XCBuildConfiguration section */
		8A3DABD91A84B96100470743 /* Debug */ = {
			isa = XCBuildConfiguration;
			buildSettings = {
				ALWAYS_SEARCH_USER_PATHS = NO;
				CLANG_CXX_LANGUAGE_STANDARD = "gnu++0x";
				CLANG_CXX_LIBRARY = "libc++";
				CLANG_ENABLE_MODULES = YES;
				CLANG_ENABLE_OBJC_ARC = YES;
				CLANG_WARN_BOOL_CONVERSION = YES;
				CLANG_WARN_CONSTANT_CONVERSION = YES;
				CLANG_WARN_DIRECT_OBJC_ISA_USAGE = YES_ERROR;
				CLANG_WARN_EMPTY_BODY = YES;
				CLANG_WARN_ENUM_CONVERSION = YES;
				CLANG_WARN_INT_CONVERSION = YES;
				CLANG_WARN_OBJC_ROOT_CLASS = YES_ERROR;
				CLANG_WARN_UNREACHABLE_CODE = YES;
				CLANG_WARN__DUPLICATE_METHOD_MATCH = YES;
				CODE_SIGN_IDENTITY = "-";
				COPY_PHASE_STRIP = NO;
				ENABLE_STRICT_OBJC_MSGSEND = YES;
				GCC_C_LANGUAGE_STANDARD = gnu99;
				GCC_DYNAMIC_NO_PIC = NO;
				GCC_OPTIMIZATION_LEVEL = 0;
				GCC_PREPROCESSOR_DEFINITIONS = (
					"DEBUG=1",
					"$(inherited)",
				);
				GCC_SYMBOLS_PRIVATE_EXTERN = NO;
				GCC_WARN_64_TO_32_BIT_CONVERSION = YES;
				GCC_WARN_ABOUT_RETURN_TYPE = YES_ERROR;
				GCC_WARN_UNDECLARED_SELECTOR = YES;
				GCC_WARN_UNINITIALIZED_AUTOS = YES_AGGRESSIVE;
				GCC_WARN_UNUSED_FUNCTION = YES;
				GCC_WARN_UNUSED_VARIABLE = YES;
				MACOSX_DEPLOYMENT_TARGET = 10.10;
				MTL_ENABLE_DEBUG_INFO = YES;
				ONLY_ACTIVE_ARCH = YES;
				SDKROOT = macosx;
				SWIFT_OPTIMIZATION_LEVEL = "-Onone";
			};
			name = Debug;
		};
		8A3DABDA1A84B96100470743 /* Release */ = {
			isa = XCBuildConfiguration;
			buildSettings = {
				ALWAYS_SEARCH_USER_PATHS = NO;
				CLANG_CXX_LANGUAGE_STANDARD = "gnu++0x";
				CLANG_CXX_LIBRARY = "libc++";
				CLANG_ENABLE_MODULES = YES;
				CLANG_ENABLE_OBJC_ARC = YES;
				CLANG_WARN_BOOL_CONVERSION = YES;
				CLANG_WARN_CONSTANT_CONVERSION = YES;
				CLANG_WARN_DIRECT_OBJC_ISA_USAGE = YES_ERROR;
				CLANG_WARN_EMPTY_BODY = YES;
				CLANG_WARN_ENUM_CONVERSION = YES;
				CLANG_WARN_INT_CONVERSION = YES;
				CLANG_WARN_OBJC_ROOT_CLASS = YES_ERROR;
				CLANG_WARN_UNREACHABLE_CODE = YES;
				CLANG_WARN__DUPLICATE_METHOD_MATCH = YES;
				CODE_SIGN_IDENTITY = "-";
				COPY_PHASE_STRIP = YES;
				DEBUG_INFORMATION_FORMAT = "dwarf-with-dsym";
				ENABLE_NS_ASSERTIONS = NO;
				ENABLE_STRICT_OBJC_MSGSEND = YES;
				GCC_C_LANGUAGE_STANDARD = gnu99;
				GCC_WARN_64_TO_32_BIT_CONVERSION = YES;
				GCC_WARN_ABOUT_RETURN_TYPE = YES_ERROR;
				GCC_WARN_UNDECLARED_SELECTOR = YES;
				GCC_WARN_UNINITIALIZED_AUTOS = YES_AGGRESSIVE;
				GCC_WARN_UNUSED_FUNCTION = YES;
				GCC_WARN_UNUSED_VARIABLE = YES;
				MACOSX_DEPLOYMENT_TARGET = 10.10;
				MTL_ENABLE_DEBUG_INFO = NO;
				SDKROOT = macosx;
			};
			name = Release;
		};
		8A3DABDC1A84B96100470743 /* Debug */ = {
			isa = XCBuildConfiguration;
			buildSettings = {
				ASSETCATALOG_COMPILER_APPICON_NAME = AppIcon;
				CLANG_ENABLE_MODULES = YES;
				COMBINE_HIDPI_IMAGES = YES;
				INFOPLIST_FILE = SRAudioKitDemoForOSX/Info.plist;
				LD_RUNPATH_SEARCH_PATHS = "$(inherited) @executable_path/../Frameworks";
				PRODUCT_NAME = "$(TARGET_NAME)";
				SWIFT_OBJC_BRIDGING_HEADER = "SRAudioKitDemoForOSX-Bridging-Header.h";
				SWIFT_OPTIMIZATION_LEVEL = "-Onone";
			};
			name = Debug;
		};
		8A3DABDD1A84B96100470743 /* Release */ = {
			isa = XCBuildConfiguration;
			buildSettings = {
				ASSETCATALOG_COMPILER_APPICON_NAME = AppIcon;
				CLANG_ENABLE_MODULES = YES;
				COMBINE_HIDPI_IMAGES = YES;
				INFOPLIST_FILE = SRAudioKitDemoForOSX/Info.plist;
				LD_RUNPATH_SEARCH_PATHS = "$(inherited) @executable_path/../Frameworks";
				PRODUCT_NAME = "$(TARGET_NAME)";
				SWIFT_OBJC_BRIDGING_HEADER = "SRAudioKitDemoForOSX-Bridging-Header.h";
			};
			name = Release;
		};
		8A3DABDF1A84B96100470743 /* Debug */ = {
			isa = XCBuildConfiguration;
			buildSettings = {
				BUNDLE_LOADER = "$(TEST_HOST)";
				COMBINE_HIDPI_IMAGES = YES;
				FRAMEWORK_SEARCH_PATHS = (
					"$(DEVELOPER_FRAMEWORKS_DIR)",
					"$(inherited)",
				);
				GCC_PREPROCESSOR_DEFINITIONS = (
					"DEBUG=1",
					"$(inherited)",
				);
				INFOPLIST_FILE = SRAudioKitDemoForOSXTests/Info.plist;
				LD_RUNPATH_SEARCH_PATHS = "$(inherited) @executable_path/../Frameworks @loader_path/../Frameworks";
				PRODUCT_NAME = "$(TARGET_NAME)";
				TEST_HOST = "$(BUILT_PRODUCTS_DIR)/SRAudioKitDemoForOSX.app/Contents/MacOS/SRAudioKitDemoForOSX";
			};
			name = Debug;
		};
		8A3DABE01A84B96100470743 /* Release */ = {
			isa = XCBuildConfiguration;
			buildSettings = {
				BUNDLE_LOADER = "$(TEST_HOST)";
				COMBINE_HIDPI_IMAGES = YES;
				FRAMEWORK_SEARCH_PATHS = (
					"$(DEVELOPER_FRAMEWORKS_DIR)",
					"$(inherited)",
				);
				INFOPLIST_FILE = SRAudioKitDemoForOSXTests/Info.plist;
				LD_RUNPATH_SEARCH_PATHS = "$(inherited) @executable_path/../Frameworks @loader_path/../Frameworks";
				PRODUCT_NAME = "$(TARGET_NAME)";
				TEST_HOST = "$(BUILT_PRODUCTS_DIR)/SRAudioKitDemoForOSX.app/Contents/MacOS/SRAudioKitDemoForOSX";
			};
			name = Release;
		};
/* End XCBuildConfiguration section */

/* Begin XCConfigurationList section */
		8A3DABBC1A84B96100470743 /* Build configuration list for PBXProject "SRAudioKitDemoForOSX" */ = {
			isa = XCConfigurationList;
			buildConfigurations = (
				8A3DABD91A84B96100470743 /* Debug */,
				8A3DABDA1A84B96100470743 /* Release */,
			);
			defaultConfigurationIsVisible = 0;
			defaultConfigurationName = Release;
		};
		8A3DABDB1A84B96100470743 /* Build configuration list for PBXNativeTarget "SRAudioKitDemoForOSX" */ = {
			isa = XCConfigurationList;
			buildConfigurations = (
				8A3DABDC1A84B96100470743 /* Debug */,
				8A3DABDD1A84B96100470743 /* Release */,
			);
			defaultConfigurationIsVisible = 0;
			defaultConfigurationName = Release;
		};
		8A3DABDE1A84B96100470743 /* Build configuration list for PBXNativeTarget "SRAudioKitDemoForOSXTests" */ = {
			isa = XCConfigurationList;
			buildConfigurations = (
				8A3DABDF1A84B96100470743 /* Debug */,
				8A3DABE01A84B96100470743 /* Release */,
			);
			defaultConfigurationIsVisible = 0;
			defaultConfigurationName = Release;
		};
/* End XCConfigurationList section */
	};
	rootObject = 8A3DABB91A84B96100470743 /* Project object */;
}
