// !$*UTF8*$!
{
	archiveVersion = 1;
	classes = {
	};
	objectVersion = 46;
	objects = {

/* Begin PBXBuildFile section */
		8A57B2831BAFF903009D6388 /* AppDelegate.swift in Sources */ = {isa = PBXBuildFile; fileRef = 8A57B2821BAFF903009D6388 /* AppDelegate.swift */; };
		8A57B2851BAFF903009D6388 /* ViewController.swift in Sources */ = {isa = PBXBuildFile; fileRef = 8A57B2841BAFF903009D6388 /* ViewController.swift */; };
		8A57B2881BAFF903009D6388 /* Main.storyboard in Resources */ = {isa = PBXBuildFile; fileRef = 8A57B2861BAFF903009D6388 /* Main.storyboard */; };
		8A57B28A1BAFF903009D6388 /* Assets.xcassets in Resources */ = {isa = PBXBuildFile; fileRef = 8A57B2891BAFF903009D6388 /* Assets.xcassets */; };
		8A57B28D1BAFF903009D6388 /* LaunchScreen.storyboard in Resources */ = {isa = PBXBuildFile; fileRef = 8A57B28B1BAFF903009D6388 /* LaunchScreen.storyboard */; };
/* End PBXBuildFile section */

/* Begin PBXFileReference section */
		8A57B27F1BAFF903009D6388 /* SRAudioKitDemoiOSApp.app */ = {isa = PBXFileReference; explicitFileType = wrapper.application; includeInIndex = 0; path = SRAudioKitDemoiOSApp.app; sourceTree = BUILT_PRODUCTS_DIR; };
		8A57B2821BAFF903009D6388 /* AppDelegate.swift */ = {isa = PBXFileReference; lastKnownFileType = sourcecode.swift; path = AppDelegate.swift; sourceTree = "<group>"; };
		8A57B2841BAFF903009D6388 /* ViewController.swift */ = {isa = PBXFileReference; lastKnownFileType = sourcecode.swift; path = ViewController.swift; sourceTree = "<group>"; };
		8A57B2871BAFF903009D6388 /* Base */ = {isa = PBXFileReference; lastKnownFileType = file.storyboard; name = Base; path = Base.lproj/Main.storyboard; sourceTree = "<group>"; };
		8A57B2891BAFF903009D6388 /* Assets.xcassets */ = {isa = PBXFileReference; lastKnownFileType = folder.assetcatalog; path = Assets.xcassets; sourceTree = "<group>"; };
		8A57B28C1BAFF903009D6388 /* Base */ = {isa = PBXFileReference; lastKnownFileType = file.storyboard; name = Base; path = Base.lproj/LaunchScreen.storyboard; sourceTree = "<group>"; };
		8A57B28E1BAFF903009D6388 /* Info.plist */ = {isa = PBXFileReference; lastKnownFileType = text.plist.xml; path = Info.plist; sourceTree = "<group>"; };
/* End PBXFileReference section */

/* Begin PBXFrameworksBuildPhase section */
		8A57B27C1BAFF903009D6388 /* Frameworks */ = {
			isa = PBXFrameworksBuildPhase;
			buildActionMask = 2147483647;
			files = (
			);
			runOnlyForDeploymentPostprocessing = 0;
		};
/* End PBXFrameworksBuildPhase section */

/* Begin PBXGroup section */
		8A57B2761BAFF903009D6388 = {
			isa = PBXGroup;
			children = (
				8A57B2811BAFF903009D6388 /* SRAudioKitDemoiOSApp */,
				8A57B2801BAFF903009D6388 /* Products */,
			);
			sourceTree = "<group>";
		};
		8A57B2801BAFF903009D6388 /* Products */ = {
			isa = PBXGroup;
			children = (
				8A57B27F1BAFF903009D6388 /* SRAudioKitDemoiOSApp.app */,
			);
			name = Products;
			sourceTree = "<group>";
		};
		8A57B2811BAFF903009D6388 /* SRAudioKitDemoiOSApp */ = {
			isa = PBXGroup;
			children = (
				8A57B2821BAFF903009D6388 /* AppDelegate.swift */,
				8A57B2841BAFF903009D6388 /* ViewController.swift */,
				8A57B2861BAFF903009D6388 /* Main.storyboard */,
				8A57B2891BAFF903009D6388 /* Assets.xcassets */,
				8A57B28B1BAFF903009D6388 /* LaunchScreen.storyboard */,
				8A57B28E1BAFF903009D6388 /* Info.plist */,
			);
			path = SRAudioKitDemoiOSApp;
			sourceTree = "<group>";
		};
/* End PBXGroup section */

/* Begin PBXNativeTarget section */
		8A57B27E1BAFF903009D6388 /* SRAudioKitDemoiOSApp */ = {
			isa = PBXNativeTarget;
			buildConfigurationList = 8A57B2911BAFF903009D6388 /* Build configuration list for PBXNativeTarget "SRAudioKitDemoiOSApp" */;
			buildPhases = (
				8A57B27B1BAFF903009D6388 /* Sources */,
				8A57B27C1BAFF903009D6388 /* Frameworks */,
				8A57B27D1BAFF903009D6388 /* Resources */,
			);
			buildRules = (
			);
			dependencies = (
			);
			name = SRAudioKitDemoiOSApp;
			productName = SRAudioKitDemoiOSApp;
			productReference = 8A57B27F1BAFF903009D6388 /* SRAudioKitDemoiOSApp.app */;
			productType = "com.apple.product-type.application";
		};
/* End PBXNativeTarget section */

/* Begin PBXProject section */
		8A57B2771BAFF903009D6388 /* Project object */ = {
			isa = PBXProject;
			attributes = {
				LastUpgradeCheck = 0700;
				ORGANIZATIONNAME = Seorenn;
				TargetAttributes = {
					8A57B27E1BAFF903009D6388 = {
						CreatedOnToolsVersion = 7.0;
					};
				};
			};
			buildConfigurationList = 8A57B27A1BAFF903009D6388 /* Build configuration list for PBXProject "SRAudioKitDemoiOSApp" */;
			compatibilityVersion = "Xcode 3.2";
			developmentRegion = English;
			hasScannedForEncodings = 0;
			knownRegions = (
				en,
				Base,
			);
			mainGroup = 8A57B2761BAFF903009D6388;
			productRefGroup = 8A57B2801BAFF903009D6388 /* Products */;
			projectDirPath = "";
			projectRoot = "";
			targets = (
				8A57B27E1BAFF903009D6388 /* SRAudioKitDemoiOSApp */,
			);
		};
/* End PBXProject section */

/* Begin PBXResourcesBuildPhase section */
		8A57B27D1BAFF903009D6388 /* Resources */ = {
			isa = PBXResourcesBuildPhase;
			buildActionMask = 2147483647;
			files = (
				8A57B28D1BAFF903009D6388 /* LaunchScreen.storyboard in Resources */,
				8A57B28A1BAFF903009D6388 /* Assets.xcassets in Resources */,
				8A57B2881BAFF903009D6388 /* Main.storyboard in Resources */,
			);
			runOnlyForDeploymentPostprocessing = 0;
		};
/* End PBXResourcesBuildPhase section */

/* Begin PBXSourcesBuildPhase section */
		8A57B27B1BAFF903009D6388 /* Sources */ = {
			isa = PBXSourcesBuildPhase;
			buildActionMask = 2147483647;
			files = (
				8A57B2851BAFF903009D6388 /* ViewController.swift in Sources */,
				8A57B2831BAFF903009D6388 /* AppDelegate.swift in Sources */,
			);
			runOnlyForDeploymentPostprocessing = 0;
		};
/* End PBXSourcesBuildPhase section */

/* Begin PBXVariantGroup section */
		8A57B2861BAFF903009D6388 /* Main.storyboard */ = {
			isa = PBXVariantGroup;
			children = (
				8A57B2871BAFF903009D6388 /* Base */,
			);
			name = Main.storyboard;
			sourceTree = "<group>";
		};
		8A57B28B1BAFF903009D6388 /* LaunchScreen.storyboard */ = {
			isa = PBXVariantGroup;
			children = (
				8A57B28C1BAFF903009D6388 /* Base */,
			);
			name = LaunchScreen.storyboard;
			sourceTree = "<group>";
		};
/* End PBXVariantGroup section */

/* Begin XCBuildConfiguration section */
		8A57B28F1BAFF903009D6388 /* Debug */ = {
			isa = XCBuildConfiguration;
			buildSettings = {
				ALWAYS_SEARCH_USER_PATHS = NO;
				CLANG_CXX_LANGUAGE_STANDARD = "gnu++0x";
				CLANG_CXX_LIBRARY = "libc++";
				CLANG_ENABLE_MODULES = YES;
				CLANG_ENABLE_OBJC_ARC = YES;
				CLANG_WARN_BOOL_CONVERSION = YES;
				CLANG_WARN_CONSTANT_CONVERSION = YES;
				CLANG_WARN_DIRECT_OBJC_ISA_USAGE = YES_ERROR;
				CLANG_WARN_EMPTY_BODY = YES;
				CLANG_WARN_ENUM_CONVERSION = YES;
				CLANG_WARN_INT_CONVERSION = YES;
				CLANG_WARN_OBJC_ROOT_CLASS = YES_ERROR;
				CLANG_WARN_UNREACHABLE_CODE = YES;
				CLANG_WARN__DUPLICATE_METHOD_MATCH = YES;
				"CODE_SIGN_IDENTITY[sdk=iphoneos*]" = "iPhone Developer";
				COPY_PHASE_STRIP = NO;
				DEBUG_INFORMATION_FORMAT = dwarf;
				ENABLE_STRICT_OBJC_MSGSEND = YES;
				ENABLE_TESTABILITY = YES;
				GCC_C_LANGUAGE_STANDARD = gnu99;
				GCC_DYNAMIC_NO_PIC = NO;
				GCC_NO_COMMON_BLOCKS = YES;
				GCC_OPTIMIZATION_LEVEL = 0;
				GCC_PREPROCESSOR_DEFINITIONS = (
					"DEBUG=1",
					"$(inherited)",
				);
				GCC_WARN_64_TO_32_BIT_CONVERSION = YES;
				GCC_WARN_ABOUT_RETURN_TYPE = YES_ERROR;
				GCC_WARN_UNDECLARED_SELECTOR = YES;
				GCC_WARN_UNINITIALIZED_AUTOS = YES_AGGRESSIVE;
				GCC_WARN_UNUSED_FUNCTION = YES;
				GCC_WARN_UNUSED_VARIABLE = YES;
				IPHONEOS_DEPLOYMENT_TARGET = 9.0;
				MTL_ENABLE_DEBUG_INFO = YES;
				ONLY_ACTIVE_ARCH = YES;
				SDKROOT = iphoneos;
				SWIFT_OPTIMIZATION_LEVEL = "-Onone";
			};
			name = Debug;
		};
		8A57B2901BAFF903009D6388 /* Release */ = {
			isa = XCBuildConfiguration;
			buildSettings = {
				ALWAYS_SEARCH_USER_PATHS = NO;
				CLANG_CXX_LANGUAGE_STANDARD = "gnu++0x";
				CLANG_CXX_LIBRARY = "libc++";
				CLANG_ENABLE_MODULES = YES;
				CLANG_ENABLE_OBJC_ARC = YES;
				CLANG_WARN_BOOL_CONVERSION = YES;
				CLANG_WARN_CONSTANT_CONVERSION = YES;
				CLANG_WARN_DIRECT_OBJC_ISA_USAGE = YES_ERROR;
				CLANG_WARN_EMPTY_BODY = YES;
				CLANG_WARN_ENUM_CONVERSION = YES;
				CLANG_WARN_INT_CONVERSION = YES;
				CLANG_WARN_OBJC_ROOT_CLASS = YES_ERROR;
				CLANG_WARN_UNREACHABLE_CODE = YES;
				CLANG_WARN__DUPLICATE_METHOD_MATCH = YES;
				"CODE_SIGN_IDENTITY[sdk=iphoneos*]" = "iPhone Developer";
				COPY_PHASE_STRIP = NO;
				DEBUG_INFORMATION_FORMAT = "dwarf-with-dsym";
				ENABLE_NS_ASSERTIONS = NO;
				ENABLE_STRICT_OBJC_MSGSEND = YES;
				GCC_C_LANGUAGE_STANDARD = gnu99;
				GCC_NO_COMMON_BLOCKS = YES;
				GCC_WARN_64_TO_32_BIT_CONVERSION = YES;
				GCC_WARN_ABOUT_RETURN_TYPE = YES_ERROR;
				GCC_WARN_UNDECLARED_SELECTOR = YES;
				GCC_WARN_UNINITIALIZED_AUTOS = YES_AGGRESSIVE;
				GCC_WARN_UNUSED_FUNCTION = YES;
				GCC_WARN_UNUSED_VARIABLE = YES;
				IPHONEOS_DEPLOYMENT_TARGET = 9.0;
				MTL_ENABLE_DEBUG_INFO = NO;
				SDKROOT = iphoneos;
				VALIDATE_PRODUCT = YES;
			};
			name = Release;
		};
		8A57B2921BAFF903009D6388 /* Debug */ = {
			isa = XCBuildConfiguration;
			buildSettings = {
				ASSETCATALOG_COMPILER_APPICON_NAME = AppIcon;
				INFOPLIST_FILE = SRAudioKitDemoiOSApp/Info.plist;
				LD_RUNPATH_SEARCH_PATHS = "$(inherited) @executable_path/Frameworks";
				PRODUCT_BUNDLE_IDENTIFIER = com.seorenn.SRAudioKitDemoiOSApp;
				PRODUCT_NAME = "$(TARGET_NAME)";
			};
			name = Debug;
		};
		8A57B2931BAFF903009D6388 /* Release */ = {
			isa = XCBuildConfiguration;
			buildSettings = {
				ASSETCATALOG_COMPILER_APPICON_NAME = AppIcon;
				INFOPLIST_FILE = SRAudioKitDemoiOSApp/Info.plist;
				LD_RUNPATH_SEARCH_PATHS = "$(inherited) @executable_path/Frameworks";
				PRODUCT_BUNDLE_IDENTIFIER = com.seorenn.SRAudioKitDemoiOSApp;
				PRODUCT_NAME = "$(TARGET_NAME)";
			};
			name = Release;
		};
/* End XCBuildConfiguration section */

/* Begin XCConfigurationList section */
		8A57B27A1BAFF903009D6388 /* Build configuration list for PBXProject "SRAudioKitDemoiOSApp" */ = {
			isa = XCConfigurationList;
			buildConfigurations = (
				8A57B28F1BAFF903009D6388 /* Debug */,
				8A57B2901BAFF903009D6388 /* Release */,
			);
			defaultConfigurationIsVisible = 0;
			defaultConfigurationName = Release;
		};
		8A57B2911BAFF903009D6388 /* Build configuration list for PBXNativeTarget "SRAudioKitDemoiOSApp" */ = {
			isa = XCConfigurationList;
			buildConfigurations = (
				8A57B2921BAFF903009D6388 /* Debug */,
				8A57B2931BAFF903009D6388 /* Release */,
			);
			defaultConfigurationIsVisible = 0;
		};
/* End XCConfigurationList section */
	};
	rootObject = 8A57B2771BAFF903009D6388 /* Project object */;
}
