// !$*UTF8*$!
{
	archiveVersion = 1;
	classes = {
	};
	objectVersion = 46;
	objects = {

/* Begin PBXBuildFile section */
		8A57B2681BAFF8D2009D6388 /* AppDelegate.swift in Sources */ = {isa = PBXBuildFile; fileRef = 8A57B2671BAFF8D2009D6388 /* AppDelegate.swift */; };
		8A57B26A1BAFF8D2009D6388 /* ViewController.swift in Sources */ = {isa = PBXBuildFile; fileRef = 8A57B2691BAFF8D2009D6388 /* ViewController.swift */; };
		8A57B26C1BAFF8D2009D6388 /* Assets.xcassets in Resources */ = {isa = PBXBuildFile; fileRef = 8A57B26B1BAFF8D2009D6388 /* Assets.xcassets */; };
		8A57B26F1BAFF8D2009D6388 /* Main.storyboard in Resources */ = {isa = PBXBuildFile; fileRef = 8A57B26D1BAFF8D2009D6388 /* Main.storyboard */; };
		8A57B2CE1BB28115009D6388 /* SRAudioKitOSX.framework in Frameworks */ = {isa = PBXBuildFile; fileRef = 8A57B2CD1BB2810C009D6388 /* SRAudioKitOSX.framework */; };
		8A57B2CF1BB28115009D6388 /* SRAudioKitOSX.framework in Embed Frameworks */ = {isa = PBXBuildFile; fileRef = 8A57B2CD1BB2810C009D6388 /* SRAudioKitOSX.framework */; settings = {ATTRIBUTES = (CodeSignOnCopy, RemoveHeadersOnCopy, ); }; };
/* End PBXBuildFile section */

/* Begin PBXContainerItemProxy section */
		8A57B2CA1BB2810C009D6388 /* PBXContainerItemProxy */ = {
			isa = PBXContainerItemProxy;
			containerPortal = 8A57B2C51BB2810C009D6388 /* SRAudioKit.xcodeproj */;
			proxyType = 2;
			remoteGlobalIDString = 8A84F8061BAC08D700C81D09;
			remoteInfo = SRAudioKit;
		};
		8A57B2CC1BB2810C009D6388 /* PBXContainerItemProxy */ = {
			isa = PBXContainerItemProxy;
			containerPortal = 8A57B2C51BB2810C009D6388 /* SRAudioKit.xcodeproj */;
			proxyType = 2;
			remoteGlobalIDString = 8A84F81A1BAC08E000C81D09;
			remoteInfo = SRAudioKitOSX;
		};
		8AAF8F261BD8E7480079EDC3 /* PBXContainerItemProxy */ = {
			isa = PBXContainerItemProxy;
			containerPortal = 8A57B2C51BB2810C009D6388 /* SRAudioKit.xcodeproj */;
			proxyType = 1;
			remoteGlobalIDString = 8A84F8111BAC08E000C81D09;
			remoteInfo = "SRAudioKit OSX";
		};
/* End PBXContainerItemProxy section */

/* Begin PBXCopyFilesBuildPhase section */
		8A57B2D21BB28115009D6388 /* Embed Frameworks */ = {
			isa = PBXCopyFilesBuildPhase;
			buildActionMask = 2147483647;
			dstPath = "";
			dstSubfolderSpec = 10;
			files = (
				8A57B2CF1BB28115009D6388 /* SRAudioKitOSX.framework in Embed Frameworks */,
			);
			name = "Embed Frameworks";
			runOnlyForDeploymentPostprocessing = 0;
		};
/* End PBXCopyFilesBuildPhase section */

/* Begin PBXFileReference section */
		8A57B2641BAFF8D2009D6388 /* SRAudioKitDemoOSXApp.app */ = {isa = PBXFileReference; explicitFileType = wrapper.application; includeInIndex = 0; path = SRAudioKitDemoOSXApp.app; sourceTree = BUILT_PRODUCTS_DIR; };
		8A57B2671BAFF8D2009D6388 /* AppDelegate.swift */ = {isa = PBXFileReference; lastKnownFileType = sourcecode.swift; path = AppDelegate.swift; sourceTree = "<group>"; };
		8A57B2691BAFF8D2009D6388 /* ViewController.swift */ = {isa = PBXFileReference; lastKnownFileType = sourcecode.swift; path = ViewController.swift; sourceTree = "<group>"; };
		8A57B26B1BAFF8D2009D6388 /* Assets.xcassets */ = {isa = PBXFileReference; lastKnownFileType = folder.assetcatalog; path = Assets.xcassets; sourceTree = "<group>"; };
		8A57B26E1BAFF8D2009D6388 /* Base */ = {isa = PBXFileReference; lastKnownFileType = file.storyboard; name = Base; path = Base.lproj/Main.storyboard; sourceTree = "<group>"; };
		8A57B2701BAFF8D2009D6388 /* Info.plist */ = {isa = PBXFileReference; lastKnownFileType = text.plist.xml; path = Info.plist; sourceTree = "<group>"; };
		8A57B2C51BB2810C009D6388 /* SRAudioKit.xcodeproj */ = {isa = PBXFileReference; lastKnownFileType = "wrapper.pb-project"; name = SRAudioKit.xcodeproj; path = ../../SRAudioKit.xcodeproj; sourceTree = "<group>"; };
/* End PBXFileReference section */

/* Begin PBXFrameworksBuildPhase section */
		8A57B2611BAFF8D2009D6388 /* Frameworks */ = {
			isa = PBXFrameworksBuildPhase;
			buildActionMask = 2147483647;
			files = (
				8A57B2CE1BB28115009D6388 /* SRAudioKitOSX.framework in Frameworks */,
			);
			runOnlyForDeploymentPostprocessing = 0;
		};
/* End PBXFrameworksBuildPhase section */

/* Begin PBXGroup section */
		8A57B25B1BAFF8D2009D6388 = {
			isa = PBXGroup;
			children = (
				8A57B2C51BB2810C009D6388 /* SRAudioKit.xcodeproj */,
				8A57B2661BAFF8D2009D6388 /* SRAudioKitDemoOSXApp */,
				8A57B2651BAFF8D2009D6388 /* Products */,
			);
			sourceTree = "<group>";
		};
		8A57B2651BAFF8D2009D6388 /* Products */ = {
			isa = PBXGroup;
			children = (
				8A57B2641BAFF8D2009D6388 /* SRAudioKitDemoOSXApp.app */,
			);
			name = Products;
			sourceTree = "<group>";
		};
		8A57B2661BAFF8D2009D6388 /* SRAudioKitDemoOSXApp */ = {
			isa = PBXGroup;
			children = (
				8A57B2671BAFF8D2009D6388 /* AppDelegate.swift */,
				8A57B2691BAFF8D2009D6388 /* ViewController.swift */,
				8A57B26B1BAFF8D2009D6388 /* Assets.xcassets */,
				8A57B26D1BAFF8D2009D6388 /* Main.storyboard */,
				8A57B2701BAFF8D2009D6388 /* Info.plist */,
			);
			path = SRAudioKitDemoOSXApp;
			sourceTree = "<group>";
		};
		8A57B2C61BB2810C009D6388 /* Products */ = {
			isa = PBXGroup;
			children = (
				8A57B2CB1BB2810C009D6388 /* SRAudioKit.framework */,
				8A57B2CD1BB2810C009D6388 /* SRAudioKitOSX.framework */,
			);
			name = Products;
			sourceTree = "<group>";
		};
/* End PBXGroup section */

/* Begin PBXNativeTarget section */
		8A57B2631BAFF8D2009D6388 /* SRAudioKitDemoOSXApp */ = {
			isa = PBXNativeTarget;
			buildConfigurationList = 8A57B2731BAFF8D2009D6388 /* Build configuration list for PBXNativeTarget "SRAudioKitDemoOSXApp" */;
			buildPhases = (
				8A57B2601BAFF8D2009D6388 /* Sources */,
				8A57B2611BAFF8D2009D6388 /* Frameworks */,
				8A57B2621BAFF8D2009D6388 /* Resources */,
				8A57B2D21BB28115009D6388 /* Embed Frameworks */,
			);
			buildRules = (
			);
			dependencies = (
				8AAF8F271BD8E7480079EDC3 /* PBXTargetDependency */,
			);
			name = SRAudioKitDemoOSXApp;
			productName = SRAudioKitDemoOSXApp;
			productReference = 8A57B2641BAFF8D2009D6388 /* SRAudioKitDemoOSXApp.app */;
			productType = "com.apple.product-type.application";
		};
/* End PBXNativeTarget section */

/* Begin PBXProject section */
		8A57B25C1BAFF8D2009D6388 /* Project object */ = {
			isa = PBXProject;
			attributes = {
				LastUpgradeCheck = 0700;
				ORGANIZATIONNAME = Seorenn;
				TargetAttributes = {
					8A57B2631BAFF8D2009D6388 = {
						CreatedOnToolsVersion = 7.0;
					};
				};
			};
			buildConfigurationList = 8A57B25F1BAFF8D2009D6388 /* Build configuration list for PBXProject "SRAudioKitDemoOSXApp" */;
			compatibilityVersion = "Xcode 3.2";
			developmentRegion = English;
			hasScannedForEncodings = 0;
			knownRegions = (
				en,
				Base,
			);
			mainGroup = 8A57B25B1BAFF8D2009D6388;
			productRefGroup = 8A57B2651BAFF8D2009D6388 /* Products */;
			projectDirPath = "";
			projectReferences = (
				{
					ProductGroup = 8A57B2C61BB2810C009D6388 /* Products */;
					ProjectRef = 8A57B2C51BB2810C009D6388 /* SRAudioKit.xcodeproj */;
				},
			);
			projectRoot = "";
			targets = (
				8A57B2631BAFF8D2009D6388 /* SRAudioKitDemoOSXApp */,
			);
		};
/* End PBXProject section */

/* Begin PBXReferenceProxy section */
		8A57B2CB1BB2810C009D6388 /* SRAudioKit.framework */ = {
			isa = PBXReferenceProxy;
			fileType = wrapper.framework;
			path = SRAudioKit.framework;
			remoteRef = 8A57B2CA1BB2810C009D6388 /* PBXContainerItemProxy */;
			sourceTree = BUILT_PRODUCTS_DIR;
		};
		8A57B2CD1BB2810C009D6388 /* SRAudioKitOSX.framework */ = {
			isa = PBXReferenceProxy;
			fileType = wrapper.framework;
			path = SRAudioKitOSX.framework;
			remoteRef = 8A57B2CC1BB2810C009D6388 /* PBXContainerItemProxy */;
			sourceTree = BUILT_PRODUCTS_DIR;
		};
/* End PBXReferenceProxy section */

/* Begin PBXResourcesBuildPhase section */
		8A57B2621BAFF8D2009D6388 /* Resources */ = {
			isa = PBXResourcesBuildPhase;
			buildActionMask = 2147483647;
			files = (
				8A57B26C1BAFF8D2009D6388 /* Assets.xcassets in Resources */,
				8A57B26F1BAFF8D2009D6388 /* Main.storyboard in Resources */,
			);
			runOnlyForDeploymentPostprocessing = 0;
		};
/* End PBXResourcesBuildPhase section */

/* Begin PBXSourcesBuildPhase section */
		8A57B2601BAFF8D2009D6388 /* Sources */ = {
			isa = PBXSourcesBuildPhase;
			buildActionMask = 2147483647;
			files = (
				8A57B26A1BAFF8D2009D6388 /* ViewController.swift in Sources */,
				8A57B2681BAFF8D2009D6388 /* AppDelegate.swift in Sources */,
			);
			runOnlyForDeploymentPostprocessing = 0;
		};
/* End PBXSourcesBuildPhase section */

/* Begin PBXTargetDependency section */
		8AAF8F271BD8E7480079EDC3 /* PBXTargetDependency */ = {
			isa = PBXTargetDependency;
			name = "SRAudioKit OSX";
			targetProxy = 8AAF8F261BD8E7480079EDC3 /* PBXContainerItemProxy */;
		};
/* End PBXTargetDependency section */

/* Begin PBXVariantGroup section */
		8A57B26D1BAFF8D2009D6388 /* Main.storyboard */ = {
			isa = PBXVariantGroup;
			children = (
				8A57B26E1BAFF8D2009D6388 /* Base */,
			);
			name = Main.storyboard;
			sourceTree = "<group>";
		};
/* End PBXVariantGroup section */

/* Begin XCBuildConfiguration section */
		8A57B2711BAFF8D2009D6388 /* Debug */ = {
			isa = XCBuildConfiguration;
			buildSettings = {
				ALWAYS_SEARCH_USER_PATHS = NO;
				CLANG_CXX_LANGUAGE_STANDARD = "gnu++0x";
				CLANG_CXX_LIBRARY = "libc++";
				CLANG_ENABLE_MODULES = YES;
				CLANG_ENABLE_OBJC_ARC = YES;
				CLANG_WARN_BOOL_CONVERSION = YES;
				CLANG_WARN_CONSTANT_CONVERSION = YES;
				CLANG_WARN_DIRECT_OBJC_ISA_USAGE = YES_ERROR;
				CLANG_WARN_EMPTY_BODY = YES;
				CLANG_WARN_ENUM_CONVERSION = YES;
				CLANG_WARN_INT_CONVERSION = YES;
				CLANG_WARN_OBJC_ROOT_CLASS = YES_ERROR;
				CLANG_WARN_UNREACHABLE_CODE = YES;
				CLANG_WARN__DUPLICATE_METHOD_MATCH = YES;
				CODE_SIGN_IDENTITY = "-";
				COPY_PHASE_STRIP = NO;
				DEBUG_INFORMATION_FORMAT = dwarf;
				ENABLE_STRICT_OBJC_MSGSEND = YES;
				ENABLE_TESTABILITY = YES;
				GCC_C_LANGUAGE_STANDARD = gnu99;
				GCC_DYNAMIC_NO_PIC = NO;
				GCC_NO_COMMON_BLOCKS = YES;
				GCC_OPTIMIZATION_LEVEL = 0;
				GCC_PREPROCESSOR_DEFINITIONS = (
					"DEBUG=1",
					"$(inherited)",
				);
				GCC_WARN_64_TO_32_BIT_CONVERSION = YES;
				GCC_WARN_ABOUT_RETURN_TYPE = YES_ERROR;
				GCC_WARN_UNDECLARED_SELECTOR = YES;
				GCC_WARN_UNINITIALIZED_AUTOS = YES_AGGRESSIVE;
				GCC_WARN_UNUSED_FUNCTION = YES;
				GCC_WARN_UNUSED_VARIABLE = YES;
				MACOSX_DEPLOYMENT_TARGET = 10.10;
				MTL_ENABLE_DEBUG_INFO = YES;
				ONLY_ACTIVE_ARCH = YES;
				SDKROOT = macosx;
				SWIFT_OPTIMIZATION_LEVEL = "-Onone";
			};
			name = Debug;
		};
		8A57B2721BAFF8D2009D6388 /* Release */ = {
			isa = XCBuildConfiguration;
			buildSettings = {
				ALWAYS_SEARCH_USER_PATHS = NO;
				CLANG_CXX_LANGUAGE_STANDARD = "gnu++0x";
				CLANG_CXX_LIBRARY = "libc++";
				CLANG_ENABLE_MODULES = YES;
				CLANG_ENABLE_OBJC_ARC = YES;
				CLANG_WARN_BOOL_CONVERSION = YES;
				CLANG_WARN_CONSTANT_CONVERSION = YES;
				CLANG_WARN_DIRECT_OBJC_ISA_USAGE = YES_ERROR;
				CLANG_WARN_EMPTY_BODY = YES;
				CLANG_WARN_ENUM_CONVERSION = YES;
				CLANG_WARN_INT_CONVERSION = YES;
				CLANG_WARN_OBJC_ROOT_CLASS = YES_ERROR;
				CLANG_WARN_UNREACHABLE_CODE = YES;
				CLANG_WARN__DUPLICATE_METHOD_MATCH = YES;
				CODE_SIGN_IDENTITY = "-";
				COPY_PHASE_STRIP = NO;
				DEBUG_INFORMATION_FORMAT = "dwarf-with-dsym";
				ENABLE_NS_ASSERTIONS = NO;
				ENABLE_STRICT_OBJC_MSGSEND = YES;
				GCC_C_LANGUAGE_STANDARD = gnu99;
				GCC_NO_COMMON_BLOCKS = YES;
				GCC_WARN_64_TO_32_BIT_CONVERSION = YES;
				GCC_WARN_ABOUT_RETURN_TYPE = YES_ERROR;
				GCC_WARN_UNDECLARED_SELECTOR = YES;
				GCC_WARN_UNINITIALIZED_AUTOS = YES_AGGRESSIVE;
				GCC_WARN_UNUSED_FUNCTION = YES;
				GCC_WARN_UNUSED_VARIABLE = YES;
				MACOSX_DEPLOYMENT_TARGET = 10.10;
				MTL_ENABLE_DEBUG_INFO = NO;
				SDKROOT = macosx;
			};
			name = Release;
		};
		8A57B2741BAFF8D2009D6388 /* Debug */ = {
			isa = XCBuildConfiguration;
			buildSettings = {
				ASSETCATALOG_COMPILER_APPICON_NAME = AppIcon;
				COMBINE_HIDPI_IMAGES = YES;
				EMBEDDED_CONTENT_CONTAINS_SWIFT = YES;
				INFOPLIST_FILE = SRAudioKitDemoOSXApp/Info.plist;
				LD_RUNPATH_SEARCH_PATHS = "$(inherited) @executable_path/../Frameworks";
				PRODUCT_BUNDLE_IDENTIFIER = com.seorenn.SRAudioKitDemoOSXApp;
				PRODUCT_NAME = "$(TARGET_NAME)";
			};
			name = Debug;
		};
		8A57B2751BAFF8D2009D6388 /* Release */ = {
			isa = XCBuildConfiguration;
			buildSettings = {
				ASSETCATALOG_COMPILER_APPICON_NAME = AppIcon;
				COMBINE_HIDPI_IMAGES = YES;
				EMBEDDED_CONTENT_CONTAINS_SWIFT = YES;
				INFOPLIST_FILE = SRAudioKitDemoOSXApp/Info.plist;
				LD_RUNPATH_SEARCH_PATHS = "$(inherited) @executable_path/../Frameworks";
				PRODUCT_BUNDLE_IDENTIFIER = com.seorenn.SRAudioKitDemoOSXApp;
				PRODUCT_NAME = "$(TARGET_NAME)";
			};
			name = Release;
		};
/* End XCBuildConfiguration section */

/* Begin XCConfigurationList section */
		8A57B25F1BAFF8D2009D6388 /* Build configuration list for PBXProject "SRAudioKitDemoOSXApp" */ = {
			isa = XCConfigurationList;
			buildConfigurations = (
				8A57B2711BAFF8D2009D6388 /* Debug */,
				8A57B2721BAFF8D2009D6388 /* Release */,
			);
			defaultConfigurationIsVisible = 0;
			defaultConfigurationName = Release;
		};
		8A57B2731BAFF8D2009D6388 /* Build configuration list for PBXNativeTarget "SRAudioKitDemoOSXApp" */ = {
			isa = XCConfigurationList;
			buildConfigurations = (
				8A57B2741BAFF8D2009D6388 /* Debug */,
				8A57B2751BAFF8D2009D6388 /* Release */,
			);
			defaultConfigurationIsVisible = 0;
			defaultConfigurationName = Release;
		};
/* End XCConfigurationList section */
	};
	rootObject = 8A57B25C1BAFF8D2009D6388 /* Project object */;
}
